
Microsoft Visual Studio Solution File, Format Version 12.00
# Visual Studio Version 17
VisualStudioVersion = 17.4.33205.214
MinimumVisualStudioVersion = 10.0.40219.1
Project("{FAE04EC0-301F-11D3-BF4B-00C04F79EFBC}") = "Booking Dental Clinic", "Booking Dental Clinic.csproj", "{8C5ED34F-444E-4B7C-8B18-470CA828694C}"
EndProject
Global
	GlobalSection(SolutionConfigurationPlatforms) = preSolution
		Debug|Any CPU = Debug|Any CPU
		Release|Any CPU = Release|Any CPU
	EndGlobalSection
	GlobalSection(ProjectConfigurationPlatforms) = postSolution
		{8C5ED34F-444E-4B7C-8B18-470CA828694C}.Debug|Any CPU.ActiveCfg = Debug|Any CPU
		{8C5ED34F-444E-4B7C-8B18-470CA828694C}.Debug|Any CPU.Build.0 = Debug|Any CPU
		{8C5ED34F-444E-4B7C-8B18-470CA828694C}.Release|Any CPU.ActiveCfg = Release|Any CPU
		{8C5ED34F-444E-4B7C-8B18-470CA828694C}.Release|Any CPU.Build.0 = Release|Any CPU
	EndGlobalSection
	GlobalSection(SolutionProperties) = preSolution
		HideSolutionNode = FALSE
	EndGlobalSection
	GlobalSection(ExtensibilityGlobals) = postSolution
		SolutionGuid = {9218DD12-A815-4095-A624-1CF754BA5192}
	EndGlobalSection
EndGlobal
